
Microsoft Visual Studio Solution File, Format Version 12.00
# Visual Studio 2015
Project("{FAE04EC0-301F-11D3-BF4B-00C04F79EFBC}") = "2016_06_21.CSharp", "2016_06_21.CSharp.csproj", "{D89E3F10-2AF7-4AF6-D443-19414D5F9254}"
EndProject
Global
	GlobalSection(SolutionConfigurationPlatforms) = preSolution
		Debug|Any CPU = Debug|Any CPU
		Release|Any CPU = Release|Any CPU
	EndGlobalSection
	GlobalSection(ProjectConfigurationPlatforms) = postSolution
		{D89E3F10-2AF7-4AF6-D443-19414D5F9254}.Debug|Any CPU.ActiveCfg = Debug|Any CPU
		{D89E3F10-2AF7-4AF6-D443-19414D5F9254}.Debug|Any CPU.Build.0 = Debug|Any CPU
		{D89E3F10-2AF7-4AF6-D443-19414D5F9254}.Release|Any CPU.ActiveCfg = Release|Any CPU
		{D89E3F10-2AF7-4AF6-D443-19414D5F9254}.Release|Any CPU.Build.0 = Release|Any CPU
	EndGlobalSection
	GlobalSection(SolutionProperties) = preSolution
		HideSolutionNode = FALSE
	EndGlobalSection
EndGlobal
